
Microsoft Visual Studio Solution File, Format Version 12.00
# Visual Studio 15
VisualStudioVersion = 15.0.28307.168
MinimumVisualStudioVersion = 10.0.40219.1
Project("{9A19103F-16F7-4668-BE54-9A1E7A4F7556}") = "WdtA2Api", "WdtA2Api\WdtA2Api.csproj", "{FD445EAB-C39C-4660-856A-00BCBCBAFA4C}"
EndProject
Project("{E53339B2-1760-4266-BCC7-CA923CBCF16C}") = "docker-compose", "docker-compose.dcproj", "{D3385C42-BDB3-41A0-AD1D-F1067B37ED23}"
EndProject
Global
	GlobalSection(SolutionConfigurationPlatforms) = preSolution
		Debug|Any CPU = Debug|Any CPU
		Release|Any CPU = Release|Any CPU
	EndGlobalSection
	GlobalSection(ProjectConfigurationPlatforms) = postSolution
		{FD445EAB-C39C-4660-856A-00BCBCBAFA4C}.Debug|Any CPU.ActiveCfg = Debug|Any CPU
		{FD445EAB-C39C-4660-856A-00BCBCBAFA4C}.Debug|Any CPU.Build.0 = Debug|Any CPU
		{FD445EAB-C39C-4660-856A-00BCBCBAFA4C}.Release|Any CPU.ActiveCfg = Release|Any CPU
		{FD445EAB-C39C-4660-856A-00BCBCBAFA4C}.Release|Any CPU.Build.0 = Release|Any CPU
		{D3385C42-BDB3-41A0-AD1D-F1067B37ED23}.Debug|Any CPU.ActiveCfg = Debug|Any CPU
		{D3385C42-BDB3-41A0-AD1D-F1067B37ED23}.Debug|Any CPU.Build.0 = Debug|Any CPU
		{D3385C42-BDB3-41A0-AD1D-F1067B37ED23}.Release|Any CPU.ActiveCfg = Release|Any CPU
		{D3385C42-BDB3-41A0-AD1D-F1067B37ED23}.Release|Any CPU.Build.0 = Release|Any CPU
	EndGlobalSection
	GlobalSection(SolutionProperties) = preSolution
		HideSolutionNode = FALSE
	EndGlobalSection
	GlobalSection(ExtensibilityGlobals) = postSolution
		SolutionGuid = {1C7D200F-1972-49CC-AB23-49291C12E126}
	EndGlobalSection
EndGlobal
